
Microsoft Visual Studio Solution File, Format Version 12.00
# Visual Studio Version 17
VisualStudioVersion = 17.7.34031.279
MinimumVisualStudioVersion = 10.0.40219.1
Project("{FAE04EC0-301F-11D3-BF4B-00C04F79EFBC}") = "DSA CTDLGT", "DSA CTDLGT.csproj", "{A5997410-311B-4086-A1BD-72F58A3E0FD6}"
EndProject
Global
	GlobalSection(SolutionConfigurationPlatforms) = preSolution
		Debug|Any CPU = Debug|Any CPU
		Release|Any CPU = Release|Any CPU
	EndGlobalSection
	GlobalSection(ProjectConfigurationPlatforms) = postSolution
		{A5997410-311B-4086-A1BD-72F58A3E0FD6}.Debug|Any CPU.ActiveCfg = Debug|Any CPU
		{A5997410-311B-4086-A1BD-72F58A3E0FD6}.Debug|Any CPU.Build.0 = Debug|Any CPU
		{A5997410-311B-4086-A1BD-72F58A3E0FD6}.Release|Any CPU.ActiveCfg = Release|Any CPU
		{A5997410-311B-4086-A1BD-72F58A3E0FD6}.Release|Any CPU.Build.0 = Release|Any CPU
	EndGlobalSection
	GlobalSection(SolutionProperties) = preSolution
		HideSolutionNode = FALSE
	EndGlobalSection
	GlobalSection(ExtensibilityGlobals) = postSolution
		SolutionGuid = {4CBA694E-186B-4F21-8CB8-F69565F84159}
	EndGlobalSection
EndGlobal
